
Microsoft Visual Studio Solution File, Format Version 12.00
# Visual Studio 15
VisualStudioVersion = 15.0.27625.0
MinimumVisualStudioVersion = 10.0.40219.1
Project("{FAE04EC0-301F-11D3-BF4B-00C04F79EFBC}") = "Lands.Android", "Lands\Lands.Android\Lands.Android.csproj", "{D8882B80-676D-4992-A1DD-229152686CA4}"
EndProject
Project("{FAE04EC0-301F-11D3-BF4B-00C04F79EFBC}") = "Lands.iOS", "Lands\Lands.iOS\Lands.iOS.csproj", "{BB54DE91-0C12-4B57-86BA-2FEA9C51ACBD}"
EndProject
Project("{FAE04EC0-301F-11D3-BF4B-00C04F79EFBC}") = "Lands", "Lands\Lands\Lands.csproj", "{D7C125B9-8A88-4CD3-AF21-44F8853E5398}"
EndProject
Global
	GlobalSection(SolutionConfigurationPlatforms) = preSolution
		Ad-Hoc|Any CPU = Ad-Hoc|Any CPU
		Ad-Hoc|iPhone = Ad-Hoc|iPhone
		Ad-Hoc|iPhoneSimulator = Ad-Hoc|iPhoneSimulator
		AppStore|Any CPU = AppStore|Any CPU
		AppStore|iPhone = AppStore|iPhone
		AppStore|iPhoneSimulator = AppStore|iPhoneSimulator
		Debug|Any CPU = Debug|Any CPU
		Debug|iPhone = Debug|iPhone
		Debug|iPhoneSimulator = Debug|iPhoneSimulator
		Release|Any CPU = Release|Any CPU
		Release|iPhone = Release|iPhone
		Release|iPhoneSimulator = Release|iPhoneSimulator
	EndGlobalSection
	GlobalSection(ProjectConfigurationPlatforms) = postSolution
		{D8882B80-676D-4992-A1DD-229152686CA4}.Ad-Hoc|Any CPU.ActiveCfg = Release|Any CPU
		{D8882B80-676D-4992-A1DD-229152686CA4}.Ad-Hoc|Any CPU.Build.0 = Release|Any CPU
		{D8882B80-676D-4992-A1DD-229152686CA4}.Ad-Hoc|Any CPU.Deploy.0 = Release|Any CPU
		{D8882B80-676D-4992-A1DD-229152686CA4}.Ad-Hoc|iPhone.ActiveCfg = Release|Any CPU
		{D8882B80-676D-4992-A1DD-229152686CA4}.Ad-Hoc|iPhone.Build.0 = Release|Any CPU
		{D8882B80-676D-4992-A1DD-229152686CA4}.Ad-Hoc|iPhone.Deploy.0 = Release|Any CPU
		{D8882B80-676D-4992-A1DD-229152686CA4}.Ad-Hoc|iPhoneSimulator.ActiveCfg = Release|Any CPU
		{D8882B80-676D-4992-A1DD-229152686CA4}.Ad-Hoc|iPhoneSimulator.Build.0 = Release|Any CPU
		{D8882B80-676D-4992-A1DD-229152686CA4}.Ad-Hoc|iPhoneSimulator.Deploy.0 = Release|Any CPU
		{D8882B80-676D-4992-A1DD-229152686CA4}.AppStore|Any CPU.ActiveCfg = Release|Any CPU
		{D8882B80-676D-4992-A1DD-229152686CA4}.AppStore|Any CPU.Build.0 = Release|Any CPU
		{D8882B80-676D-4992-A1DD-229152686CA4}.AppStore|Any CPU.Deploy.0 = Release|Any CPU
		{D8882B80-676D-4992-A1DD-229152686CA4}.AppStore|iPhone.ActiveCfg = Release|Any CPU
		{D8882B80-676D-4992-A1DD-229152686CA4}.AppStore|iPhone.Build.0 = Release|Any CPU
		{D8882B80-676D-4992-A1DD-229152686CA4}.AppStore|iPhone.Deploy.0 = Release|Any CPU
		{D8882B80-676D-4992-A1DD-229152686CA4}.AppStore|iPhoneSimulator.ActiveCfg = Release|Any CPU
		{D8882B80-676D-4992-A1DD-229152686CA4}.AppStore|iPhoneSimulator.Build.0 = Release|Any CPU
		{D8882B80-676D-4992-A1DD-229152686CA4}.AppStore|iPhoneSimulator.Deploy.0 = Release|Any CPU
		{D8882B80-676D-4992-A1DD-229152686CA4}.Debug|Any CPU.ActiveCfg = Debug|Any CPU
		{D8882B80-676D-4992-A1DD-229152686CA4}.Debug|Any CPU.Build.0 = Debug|Any CPU
		{D8882B80-676D-4992-A1DD-229152686CA4}.Debug|Any CPU.Deploy.0 = Debug|Any CPU
		{D8882B80-676D-4992-A1DD-229152686CA4}.Debug|iPhone.ActiveCfg = Debug|Any CPU
		{D8882B80-676D-4992-A1DD-229152686CA4}.Debug|iPhone.Build.0 = Debug|Any CPU
		{D8882B80-676D-4992-A1DD-229152686CA4}.Debug|iPhone.Deploy.0 = Debug|Any CPU
		{D8882B80-676D-4992-A1DD-229152686CA4}.Debug|iPhoneSimulator.ActiveCfg = Debug|Any CPU
		{D8882B80-676D-4992-A1DD-229152686CA4}.Debug|iPhoneSimulator.Build.0 = Debug|Any CPU
		{D8882B80-676D-4992-A1DD-229152686CA4}.Debug|iPhoneSimulator.Deploy.0 = Debug|Any CPU
		{D8882B80-676D-4992-A1DD-229152686CA4}.Release|Any CPU.ActiveCfg = Release|Any CPU
		{D8882B80-676D-4992-A1DD-229152686CA4}.Release|Any CPU.Build.0 = Release|Any CPU
		{D8882B80-676D-4992-A1DD-229152686CA4}.Release|Any CPU.Deploy.0 = Release|Any CPU
		{D8882B80-676D-4992-A1DD-229152686CA4}.Release|iPhone.ActiveCfg = Release|Any CPU
		{D8882B80-676D-4992-A1DD-229152686CA4}.Release|iPhone.Build.0 = Release|Any CPU
		{D8882B80-676D-4992-A1DD-229152686CA4}.Release|iPhone.Deploy.0 = Release|Any CPU
		{D8882B80-676D-4992-A1DD-229152686CA4}.Release|iPhoneSimulator.ActiveCfg = Release|Any CPU
		{D8882B80-676D-4992-A1DD-229152686CA4}.Release|iPhoneSimulator.Build.0 = Release|Any CPU
		{D8882B80-676D-4992-A1DD-229152686CA4}.Release|iPhoneSimulator.Deploy.0 = Release|Any CPU
		{BB54DE91-0C12-4B57-86BA-2FEA9C51ACBD}.Ad-Hoc|Any CPU.ActiveCfg = Ad-Hoc|iPhone
		{BB54DE91-0C12-4B57-86BA-2FEA9C51ACBD}.Ad-Hoc|Any CPU.Build.0 = Ad-Hoc|iPhone
		{BB54DE91-0C12-4B57-86BA-2FEA9C51ACBD}.Ad-Hoc|Any CPU.Deploy.0 = Ad-Hoc|iPhone
		{BB54DE91-0C12-4B57-86BA-2FEA9C51ACBD}.Ad-Hoc|iPhone.ActiveCfg = Ad-Hoc|iPhone
		{BB54DE91-0C12-4B57-86BA-2FEA9C51ACBD}.Ad-Hoc|iPhone.Build.0 = Ad-Hoc|iPhone
		{BB54DE91-0C12-4B57-86BA-2FEA9C51ACBD}.Ad-Hoc|iPhone.Deploy.0 = Ad-Hoc|iPhone
		{BB54DE91-0C12-4B57-86BA-2FEA9C51ACBD}.Ad-Hoc|iPhoneSimulator.ActiveCfg = Ad-Hoc|iPhoneSimulator
		{BB54DE91-0C12-4B57-86BA-2FEA9C51ACBD}.Ad-Hoc|iPhoneSimulator.Build.0 = Ad-Hoc|iPhoneSimulator
		{BB54DE91-0C12-4B57-86BA-2FEA9C51ACBD}.Ad-Hoc|iPhoneSimulator.Deploy.0 = Ad-Hoc|iPhoneSimulator
		{BB54DE91-0C12-4B57-86BA-2FEA9C51ACBD}.AppStore|Any CPU.ActiveCfg = AppStore|iPhone
		{BB54DE91-0C12-4B57-86BA-2FEA9C51ACBD}.AppStore|Any CPU.Build.0 = AppStore|iPhone
		{BB54DE91-0C12-4B57-86BA-2FEA9C51ACBD}.AppStore|Any CPU.Deploy.0 = AppStore|iPhone
		{BB54DE91-0C12-4B57-86BA-2FEA9C51ACBD}.AppStore|iPhone.ActiveCfg = AppStore|iPhone
		{BB54DE91-0C12-4B57-86BA-2FEA9C51ACBD}.AppStore|iPhone.Build.0 = AppStore|iPhone
		{BB54DE91-0C12-4B57-86BA-2FEA9C51ACBD}.AppStore|iPhone.Deploy.0 = AppStore|iPhone
		{BB54DE91-0C12-4B57-86BA-2FEA9C51ACBD}.AppStore|iPhoneSimulator.ActiveCfg = AppStore|iPhoneSimulator
		{BB54DE91-0C12-4B57-86BA-2FEA9C51ACBD}.AppStore|iPhoneSimulator.Build.0 = AppStore|iPhoneSimulator
		{BB54DE91-0C12-4B57-86BA-2FEA9C51ACBD}.AppStore|iPhoneSimulator.Deploy.0 = AppStore|iPhoneSimulator
		{BB54DE91-0C12-4B57-86BA-2FEA9C51ACBD}.Debug|Any CPU.ActiveCfg = Debug|iPhoneSimulator
		{BB54DE91-0C12-4B57-86BA-2FEA9C51ACBD}.Debug|Any CPU.Build.0 = Debug|iPhoneSimulator
		{BB54DE91-0C12-4B57-86BA-2FEA9C51ACBD}.Debug|Any CPU.Deploy.0 = Debug|iPhoneSimulator
		{BB54DE91-0C12-4B57-86BA-2FEA9C51ACBD}.Debug|iPhone.ActiveCfg = Debug|iPhone
		{BB54DE91-0C12-4B57-86BA-2FEA9C51ACBD}.Debug|iPhone.Build.0 = Debug|iPhone
		{BB54DE91-0C12-4B57-86BA-2FEA9C51ACBD}.Debug|iPhone.Deploy.0 = Debug|iPhone
		{BB54DE91-0C12-4B57-86BA-2FEA9C51ACBD}.Debug|iPhoneSimulator.ActiveCfg = Debug|iPhoneSimulator
		{BB54DE91-0C12-4B57-86BA-2FEA9C51ACBD}.Debug|iPhoneSimulator.Build.0 = Debug|iPhoneSimulator
		{BB54DE91-0C12-4B57-86BA-2FEA9C51ACBD}.Debug|iPhoneSimulator.Deploy.0 = Debug|iPhoneSimulator
		{BB54DE91-0C12-4B57-86BA-2FEA9C51ACBD}.Release|Any CPU.ActiveCfg = Release|iPhone
		{BB54DE91-0C12-4B57-86BA-2FEA9C51ACBD}.Release|Any CPU.Build.0 = Release|iPhone
		{BB54DE91-0C12-4B57-86BA-2FEA9C51ACBD}.Release|Any CPU.Deploy.0 = Release|iPhone
		{BB54DE91-0C12-4B57-86BA-2FEA9C51ACBD}.Release|iPhone.ActiveCfg = Release|iPhone
		{BB54DE91-0C12-4B57-86BA-2FEA9C51ACBD}.Release|iPhone.Build.0 = Release|iPhone
		{BB54DE91-0C12-4B57-86BA-2FEA9C51ACBD}.Release|iPhone.Deploy.0 = Release|iPhone
		{BB54DE91-0C12-4B57-86BA-2FEA9C51ACBD}.Release|iPhoneSimulator.ActiveCfg = Release|iPhoneSimulator
		{BB54DE91-0C12-4B57-86BA-2FEA9C51ACBD}.Release|iPhoneSimulator.Build.0 = Release|iPhoneSimulator
		{BB54DE91-0C12-4B57-86BA-2FEA9C51ACBD}.Release|iPhoneSimulator.Deploy.0 = Release|iPhoneSimulator
		{D7C125B9-8A88-4CD3-AF21-44F8853E5398}.Ad-Hoc|Any CPU.ActiveCfg = Debug|Any CPU
		{D7C125B9-8A88-4CD3-AF21-44F8853E5398}.Ad-Hoc|Any CPU.Build.0 = Debug|Any CPU
		{D7C125B9-8A88-4CD3-AF21-44F8853E5398}.Ad-Hoc|Any CPU.Deploy.0 = Debug|Any CPU
		{D7C125B9-8A88-4CD3-AF21-44F8853E5398}.Ad-Hoc|iPhone.ActiveCfg = Debug|Any CPU
		{D7C125B9-8A88-4CD3-AF21-44F8853E5398}.Ad-Hoc|iPhone.Build.0 = Debug|Any CPU
		{D7C125B9-8A88-4CD3-AF21-44F8853E5398}.Ad-Hoc|iPhone.Deploy.0 = Debug|Any CPU
		{D7C125B9-8A88-4CD3-AF21-44F8853E5398}.Ad-Hoc|iPhoneSimulator.ActiveCfg = Debug|Any CPU
		{D7C125B9-8A88-4CD3-AF21-44F8853E5398}.Ad-Hoc|iPhoneSimulator.Build.0 = Debug|Any CPU
		{D7C125B9-8A88-4CD3-AF21-44F8853E5398}.Ad-Hoc|iPhoneSimulator.Deploy.0 = Debug|Any CPU
		{D7C125B9-8A88-4CD3-AF21-44F8853E5398}.AppStore|Any CPU.ActiveCfg = Debug|Any CPU
		{D7C125B9-8A88-4CD3-AF21-44F8853E5398}.AppStore|Any CPU.Build.0 = Debug|Any CPU
		{D7C125B9-8A88-4CD3-AF21-44F8853E5398}.AppStore|Any CPU.Deploy.0 = Debug|Any CPU
		{D7C125B9-8A88-4CD3-AF21-44F8853E5398}.AppStore|iPhone.ActiveCfg = Debug|Any CPU
		{D7C125B9-8A88-4CD3-AF21-44F8853E5398}.AppStore|iPhone.Build.0 = Debug|Any CPU
		{D7C125B9-8A88-4CD3-AF21-44F8853E5398}.AppStore|iPhone.Deploy.0 = Debug|Any CPU
		{D7C125B9-8A88-4CD3-AF21-44F8853E5398}.AppStore|iPhoneSimulator.ActiveCfg = Debug|Any CPU
		{D7C125B9-8A88-4CD3-AF21-44F8853E5398}.AppStore|iPhoneSimulator.Build.0 = Debug|Any CPU
		{D7C125B9-8A88-4CD3-AF21-44F8853E5398}.AppStore|iPhoneSimulator.Deploy.0 = Debug|Any CPU
		{D7C125B9-8A88-4CD3-AF21-44F8853E5398}.Debug|Any CPU.ActiveCfg = Debug|Any CPU
		{D7C125B9-8A88-4CD3-AF21-44F8853E5398}.Debug|Any CPU.Build.0 = Debug|Any CPU
		{D7C125B9-8A88-4CD3-AF21-44F8853E5398}.Debug|Any CPU.Deploy.0 = Debug|Any CPU
		{D7C125B9-8A88-4CD3-AF21-44F8853E5398}.Debug|iPhone.ActiveCfg = Debug|Any CPU
		{D7C125B9-8A88-4CD3-AF21-44F8853E5398}.Debug|iPhone.Build.0 = Debug|Any CPU
		{D7C125B9-8A88-4CD3-AF21-44F8853E5398}.Debug|iPhone.Deploy.0 = Debug|Any CPU
		{D7C125B9-8A88-4CD3-AF21-44F8853E5398}.Debug|iPhoneSimulator.ActiveCfg = Debug|Any CPU
		{D7C125B9-8A88-4CD3-AF21-44F8853E5398}.Debug|iPhoneSimulator.Build.0 = Debug|Any CPU
		{D7C125B9-8A88-4CD3-AF21-44F8853E5398}.Debug|iPhoneSimulator.Deploy.0 = Debug|Any CPU
		{D7C125B9-8A88-4CD3-AF21-44F8853E5398}.Release|Any CPU.ActiveCfg = Release|Any CPU
		{D7C125B9-8A88-4CD3-AF21-44F8853E5398}.Release|Any CPU.Build.0 = Release|Any CPU
		{D7C125B9-8A88-4CD3-AF21-44F8853E5398}.Release|Any CPU.Deploy.0 = Release|Any CPU
		{D7C125B9-8A88-4CD3-AF21-44F8853E5398}.Release|iPhone.ActiveCfg = Release|Any CPU
		{D7C125B9-8A88-4CD3-AF21-44F8853E5398}.Release|iPhone.Build.0 = Release|Any CPU
		{D7C125B9-8A88-4CD3-AF21-44F8853E5398}.Release|iPhone.Deploy.0 = Release|Any CPU
		{D7C125B9-8A88-4CD3-AF21-44F8853E5398}.Release|iPhoneSimulator.ActiveCfg = Release|Any CPU
		{D7C125B9-8A88-4CD3-AF21-44F8853E5398}.Release|iPhoneSimulator.Build.0 = Release|Any CPU
		{D7C125B9-8A88-4CD3-AF21-44F8853E5398}.Release|iPhoneSimulator.Deploy.0 = Release|Any CPU
	EndGlobalSection
	GlobalSection(SolutionProperties) = preSolution
		HideSolutionNode = FALSE
	EndGlobalSection
	GlobalSection(ExtensibilityGlobals) = postSolution
		SolutionGuid = {FE8C8114-9C48-4791-BEF3-1B67B76DB602}
	EndGlobalSection
EndGlobal
